
Microsoft Visual Studio Solution File, Format Version 12.00
# Visual Studio Version 16
VisualStudioVersion = 16.0.29806.167
MinimumVisualStudioVersion = 10.0.40219.1
Project("{9A19103F-16F7-4668-BE54-9A1E7A4F7556}") = "years", "years\years.csproj", "{8A819634-FD38-4829-BB3A-E0BA49BF311E}"
EndProject
Project("{2150E333-8FDC-42A3-9474-1A3956D46DE8}") = "Solution Items", "Solution Items", "{13559DBE-85A0-4052-B7D2-2931D485C89F}"
EndProject
Project("{9A19103F-16F7-4668-BE54-9A1E7A4F7556}") = "jm", "jm\jm.csproj", "{BD3269D2-FA1A-49DE-8637-736AC824995A}"
EndProject
Project("{9A19103F-16F7-4668-BE54-9A1E7A4F7556}") = "1-100", "1-100\1-100.csproj", "{34FDE675-7036-49B9-BB88-28546B1B4ECD}"
EndProject
Project("{9A19103F-16F7-4668-BE54-9A1E7A4F7556}") = "year-day", "year-day\year-day.csproj", "{B19DB359-530D-4B85-AFFC-A6F292D21E14}"
EndProject
Project("{9A19103F-16F7-4668-BE54-9A1E7A4F7556}") = "air-ticket", "air-ticket\air-ticket.csproj", "{D7848697-8D4C-4311-9E04-15CBECAA351E}"
EndProject
Project("{9A19103F-16F7-4668-BE54-9A1E7A4F7556}") = "weight", "weight\weight.csproj", "{C1B9F2AE-6C03-456E-B575-C50BA60812EE}"
EndProject
Project("{9A19103F-16F7-4668-BE54-9A1E7A4F7556}") = "time", "time\time.csproj", "{7FBCDDDC-65F3-47F8-B8C5-3AC12E953488}"
EndProject
Project("{9A19103F-16F7-4668-BE54-9A1E7A4F7556}") = "grade", "grade\grade.csproj", "{6DC5F2A6-F1F7-4E19-A06C-909B7D3D3C0B}"
EndProject
Project("{FAE04EC0-301F-11D3-BF4B-00C04F79EFBC}") = "1，2-100", "1，2-100\1，2-100.csproj", "{A8F8933E-AC31-4D2E-97E3-7FB608BB1316}"
EndProject
Project("{FAE04EC0-301F-11D3-BF4B-00C04F79EFBC}") = "1-100-2", "1-100-2\1-100-2.csproj", "{DFD6F28B-11AE-49D5-9A4F-808859F84E97}"
EndProject
Project("{FAE04EC0-301F-11D3-BF4B-00C04F79EFBC}") = "1-100-5", "1-100-5\1-100-5.csproj", "{64672766-3191-4F5B-AB16-2121A170B4FC}"
EndProject
Project("{FAE04EC0-301F-11D3-BF4B-00C04F79EFBC}") = "1-100--7", "1-100--7\1-100--7.csproj", "{2AB5BE64-464A-49C9-A294-3872A7751C3A}"
EndProject
Global
	GlobalSection(SolutionConfigurationPlatforms) = preSolution
		Debug|Any CPU = Debug|Any CPU
		Release|Any CPU = Release|Any CPU
	EndGlobalSection
	GlobalSection(ProjectConfigurationPlatforms) = postSolution
		{8A819634-FD38-4829-BB3A-E0BA49BF311E}.Debug|Any CPU.ActiveCfg = Debug|Any CPU
		{8A819634-FD38-4829-BB3A-E0BA49BF311E}.Debug|Any CPU.Build.0 = Debug|Any CPU
		{8A819634-FD38-4829-BB3A-E0BA49BF311E}.Release|Any CPU.ActiveCfg = Release|Any CPU
		{8A819634-FD38-4829-BB3A-E0BA49BF311E}.Release|Any CPU.Build.0 = Release|Any CPU
		{BD3269D2-FA1A-49DE-8637-736AC824995A}.Debug|Any CPU.ActiveCfg = Debug|Any CPU
		{BD3269D2-FA1A-49DE-8637-736AC824995A}.Debug|Any CPU.Build.0 = Debug|Any CPU
		{BD3269D2-FA1A-49DE-8637-736AC824995A}.Release|Any CPU.ActiveCfg = Release|Any CPU
		{BD3269D2-FA1A-49DE-8637-736AC824995A}.Release|Any CPU.Build.0 = Release|Any CPU
		{34FDE675-7036-49B9-BB88-28546B1B4ECD}.Debug|Any CPU.ActiveCfg = Debug|Any CPU
		{34FDE675-7036-49B9-BB88-28546B1B4ECD}.Debug|Any CPU.Build.0 = Debug|Any CPU
		{34FDE675-7036-49B9-BB88-28546B1B4ECD}.Release|Any CPU.ActiveCfg = Release|Any CPU
		{34FDE675-7036-49B9-BB88-28546B1B4ECD}.Release|Any CPU.Build.0 = Release|Any CPU
		{B19DB359-530D-4B85-AFFC-A6F292D21E14}.Debug|Any CPU.ActiveCfg = Debug|Any CPU
		{B19DB359-530D-4B85-AFFC-A6F292D21E14}.Debug|Any CPU.Build.0 = Debug|Any CPU
		{B19DB359-530D-4B85-AFFC-A6F292D21E14}.Release|Any CPU.ActiveCfg = Release|Any CPU
		{B19DB359-530D-4B85-AFFC-A6F292D21E14}.Release|Any CPU.Build.0 = Release|Any CPU
		{D7848697-8D4C-4311-9E04-15CBECAA351E}.Debug|Any CPU.ActiveCfg = Debug|Any CPU
		{D7848697-8D4C-4311-9E04-15CBECAA351E}.Debug|Any CPU.Build.0 = Debug|Any CPU
		{D7848697-8D4C-4311-9E04-15CBECAA351E}.Release|Any CPU.ActiveCfg = Release|Any CPU
		{D7848697-8D4C-4311-9E04-15CBECAA351E}.Release|Any CPU.Build.0 = Release|Any CPU
		{C1B9F2AE-6C03-456E-B575-C50BA60812EE}.Debug|Any CPU.ActiveCfg = Debug|Any CPU
		{C1B9F2AE-6C03-456E-B575-C50BA60812EE}.Debug|Any CPU.Build.0 = Debug|Any CPU
		{C1B9F2AE-6C03-456E-B575-C50BA60812EE}.Release|Any CPU.ActiveCfg = Release|Any CPU
		{C1B9F2AE-6C03-456E-B575-C50BA60812EE}.Release|Any CPU.Build.0 = Release|Any CPU
		{7FBCDDDC-65F3-47F8-B8C5-3AC12E953488}.Debug|Any CPU.ActiveCfg = Debug|Any CPU
		{7FBCDDDC-65F3-47F8-B8C5-3AC12E953488}.Debug|Any CPU.Build.0 = Debug|Any CPU
		{7FBCDDDC-65F3-47F8-B8C5-3AC12E953488}.Release|Any CPU.ActiveCfg = Release|Any CPU
		{7FBCDDDC-65F3-47F8-B8C5-3AC12E953488}.Release|Any CPU.Build.0 = Release|Any CPU
		{6DC5F2A6-F1F7-4E19-A06C-909B7D3D3C0B}.Debug|Any CPU.ActiveCfg = Debug|Any CPU
		{6DC5F2A6-F1F7-4E19-A06C-909B7D3D3C0B}.Debug|Any CPU.Build.0 = Debug|Any CPU
		{6DC5F2A6-F1F7-4E19-A06C-909B7D3D3C0B}.Release|Any CPU.ActiveCfg = Release|Any CPU
		{6DC5F2A6-F1F7-4E19-A06C-909B7D3D3C0B}.Release|Any CPU.Build.0 = Release|Any CPU
		{A8F8933E-AC31-4D2E-97E3-7FB608BB1316}.Debug|Any CPU.ActiveCfg = Debug|Any CPU
		{A8F8933E-AC31-4D2E-97E3-7FB608BB1316}.Debug|Any CPU.Build.0 = Debug|Any CPU
		{A8F8933E-AC31-4D2E-97E3-7FB608BB1316}.Release|Any CPU.ActiveCfg = Release|Any CPU
		{A8F8933E-AC31-4D2E-97E3-7FB608BB1316}.Release|Any CPU.Build.0 = Release|Any CPU
		{DFD6F28B-11AE-49D5-9A4F-808859F84E97}.Debug|Any CPU.ActiveCfg = Debug|Any CPU
		{DFD6F28B-11AE-49D5-9A4F-808859F84E97}.Debug|Any CPU.Build.0 = Debug|Any CPU
		{DFD6F28B-11AE-49D5-9A4F-808859F84E97}.Release|Any CPU.ActiveCfg = Release|Any CPU
		{DFD6F28B-11AE-49D5-9A4F-808859F84E97}.Release|Any CPU.Build.0 = Release|Any CPU
		{64672766-3191-4F5B-AB16-2121A170B4FC}.Debug|Any CPU.ActiveCfg = Debug|Any CPU
		{64672766-3191-4F5B-AB16-2121A170B4FC}.Debug|Any CPU.Build.0 = Debug|Any CPU
		{64672766-3191-4F5B-AB16-2121A170B4FC}.Release|Any CPU.ActiveCfg = Release|Any CPU
		{64672766-3191-4F5B-AB16-2121A170B4FC}.Release|Any CPU.Build.0 = Release|Any CPU
		{2AB5BE64-464A-49C9-A294-3872A7751C3A}.Debug|Any CPU.ActiveCfg = Debug|Any CPU
		{2AB5BE64-464A-49C9-A294-3872A7751C3A}.Debug|Any CPU.Build.0 = Debug|Any CPU
		{2AB5BE64-464A-49C9-A294-3872A7751C3A}.Release|Any CPU.ActiveCfg = Release|Any CPU
		{2AB5BE64-464A-49C9-A294-3872A7751C3A}.Release|Any CPU.Build.0 = Release|Any CPU
	EndGlobalSection
	GlobalSection(SolutionProperties) = preSolution
		HideSolutionNode = FALSE
	EndGlobalSection
	GlobalSection(NestedProjects) = preSolution
		{BD3269D2-FA1A-49DE-8637-736AC824995A} = {13559DBE-85A0-4052-B7D2-2931D485C89F}
		{34FDE675-7036-49B9-BB88-28546B1B4ECD} = {13559DBE-85A0-4052-B7D2-2931D485C89F}
		{B19DB359-530D-4B85-AFFC-A6F292D21E14} = {13559DBE-85A0-4052-B7D2-2931D485C89F}
		{D7848697-8D4C-4311-9E04-15CBECAA351E} = {13559DBE-85A0-4052-B7D2-2931D485C89F}
		{C1B9F2AE-6C03-456E-B575-C50BA60812EE} = {13559DBE-85A0-4052-B7D2-2931D485C89F}
		{7FBCDDDC-65F3-47F8-B8C5-3AC12E953488} = {13559DBE-85A0-4052-B7D2-2931D485C89F}
		{6DC5F2A6-F1F7-4E19-A06C-909B7D3D3C0B} = {13559DBE-85A0-4052-B7D2-2931D485C89F}
		{A8F8933E-AC31-4D2E-97E3-7FB608BB1316} = {13559DBE-85A0-4052-B7D2-2931D485C89F}
		{DFD6F28B-11AE-49D5-9A4F-808859F84E97} = {13559DBE-85A0-4052-B7D2-2931D485C89F}
		{64672766-3191-4F5B-AB16-2121A170B4FC} = {13559DBE-85A0-4052-B7D2-2931D485C89F}
		{2AB5BE64-464A-49C9-A294-3872A7751C3A} = {13559DBE-85A0-4052-B7D2-2931D485C89F}
	EndGlobalSection
	GlobalSection(ExtensibilityGlobals) = postSolution
		SolutionGuid = {3FE7407B-C9DC-4064-9389-0868784FED24}
	EndGlobalSection
EndGlobal
